// !$*UTF8*$!
{
	archiveVersion = 1;
	classes = {
	};
	objectVersion = 50;
	objects = {

/* Begin PBXBuildFile section */
		C0E5DABC23DE00B7007B5210 /* AppDelegate.swift in Sources */ = {isa = PBXBuildFile; fileRef = C0E5DABB23DE00B7007B5210 /* AppDelegate.swift */; };
		C0E5DABE23DE00B7007B5210 /* SceneDelegate.swift in Sources */ = {isa = PBXBuildFile; fileRef = C0E5DABD23DE00B7007B5210 /* SceneDelegate.swift */; };
		C0E5DAC023DE00B7007B5210 /* ContentView.swift in Sources */ = {isa = PBXBuildFile; fileRef = C0E5DABF23DE00B7007B5210 /* ContentView.swift */; };
		C0E5DAC223DE00B8007B5210 /* Assets.xcassets in Resources */ = {isa = PBXBuildFile; fileRef = C0E5DAC123DE00B8007B5210 /* Assets.xcassets */; };
		C0E5DAC523DE00B8007B5210 /* Preview Assets.xcassets in Resources */ = {isa = PBXBuildFile; fileRef = C0E5DAC423DE00B8007B5210 /* Preview Assets.xcassets */; };
		C0E5DAC823DE00B8007B5210 /* LaunchScreen.storyboard in Resources */ = {isa = PBXBuildFile; fileRef = C0E5DAC623DE00B8007B5210 /* LaunchScreen.storyboard */; };
		C0E5DAD323DE00B8007B5210 /* Neat_WeatherTests.swift in Sources */ = {isa = PBXBuildFile; fileRef = C0E5DAD223DE00B8007B5210 /* Neat_WeatherTests.swift */; };
		C0E5DADE23DE00B8007B5210 /* Neat_WeatherUITests.swift in Sources */ = {isa = PBXBuildFile; fileRef = C0E5DADD23DE00B8007B5210 /* Neat_WeatherUITests.swift */; };
		C0E5DAED23DE0677007B5210 /* Weather.swift in Sources */ = {isa = PBXBuildFile; fileRef = C0E5DAEC23DE0677007B5210 /* Weather.swift */; };
		C0E5DAF023DE0725007B5210 /* WeatherService.swift in Sources */ = {isa = PBXBuildFile; fileRef = C0E5DAEF23DE0725007B5210 /* WeatherService.swift */; };
		C0E5DAF323DE1111007B5210 /* WeatherViewModel.swift in Sources */ = {isa = PBXBuildFile; fileRef = C0E5DAF223DE1111007B5210 /* WeatherViewModel.swift */; };
/* End PBXBuildFile section */

/* Begin PBXContainerItemProxy section */
		C0E5DACF23DE00B8007B5210 /* PBXContainerItemProxy */ = {
			isa = PBXContainerItemProxy;
			containerPortal = C0E5DAB023DE00B7007B5210 /* Project object */;
			proxyType = 1;
			remoteGlobalIDString = C0E5DAB723DE00B7007B5210;
			remoteInfo = Neat_Weather;
		};
		C0E5DADA23DE00B8007B5210 /* PBXContainerItemProxy */ = {
			isa = PBXContainerItemProxy;
			containerPortal = C0E5DAB023DE00B7007B5210 /* Project object */;
			proxyType = 1;
			remoteGlobalIDString = C0E5DAB723DE00B7007B5210;
			remoteInfo = Neat_Weather;
		};
/* End PBXContainerItemProxy section */

/* Begin PBXFileReference section */
		C0E5DAB823DE00B7007B5210 /* Neat_Weather.app */ = {isa = PBXFileReference; explicitFileType = wrapper.application; includeInIndex = 0; path = Neat_Weather.app; sourceTree = BUILT_PRODUCTS_DIR; };
		C0E5DABB23DE00B7007B5210 /* AppDelegate.swift */ = {isa = PBXFileReference; lastKnownFileType = sourcecode.swift; path = AppDelegate.swift; sourceTree = "<group>"; };
		C0E5DABD23DE00B7007B5210 /* SceneDelegate.swift */ = {isa = PBXFileReference; lastKnownFileType = sourcecode.swift; path = SceneDelegate.swift; sourceTree = "<group>"; };
		C0E5DABF23DE00B7007B5210 /* ContentView.swift */ = {isa = PBXFileReference; lastKnownFileType = sourcecode.swift; path = ContentView.swift; sourceTree = "<group>"; };
		C0E5DAC123DE00B8007B5210 /* Assets.xcassets */ = {isa = PBXFileReference; lastKnownFileType = folder.assetcatalog; path = Assets.xcassets; sourceTree = "<group>"; };
		C0E5DAC423DE00B8007B5210 /* Preview Assets.xcassets */ = {isa = PBXFileReference; lastKnownFileType = folder.assetcatalog; path = "Preview Assets.xcassets"; sourceTree = "<group>"; };
		C0E5DAC723DE00B8007B5210 /* Base */ = {isa = PBXFileReference; lastKnownFileType = file.storyboard; name = Base; path = Base.lproj/LaunchScreen.storyboard; sourceTree = "<group>"; };
		C0E5DAC923DE00B8007B5210 /* Info.plist */ = {isa = PBXFileReference; lastKnownFileType = text.plist.xml; path = Info.plist; sourceTree = "<group>"; };
		C0E5DACE23DE00B8007B5210 /* Neat_WeatherTests.xctest */ = {isa = PBXFileReference; explicitFileType = wrapper.cfbundle; includeInIndex = 0; path = Neat_WeatherTests.xctest; sourceTree = BUILT_PRODUCTS_DIR; };
		C0E5DAD223DE00B8007B5210 /* Neat_WeatherTests.swift */ = {isa = PBXFileReference; lastKnownFileType = sourcecode.swift; path = Neat_WeatherTests.swift; sourceTree = "<group>"; };
		C0E5DAD423DE00B8007B5210 /* Info.plist */ = {isa = PBXFileReference; lastKnownFileType = text.plist.xml; path = Info.plist; sourceTree = "<group>"; };
		C0E5DAD923DE00B8007B5210 /* Neat_WeatherUITests.xctest */ = {isa = PBXFileReference; explicitFileType = wrapper.cfbundle; includeInIndex = 0; path = Neat_WeatherUITests.xctest; sourceTree = BUILT_PRODUCTS_DIR; };
		C0E5DADD23DE00B8007B5210 /* Neat_WeatherUITests.swift */ = {isa = PBXFileReference; lastKnownFileType = sourcecode.swift; path = Neat_WeatherUITests.swift; sourceTree = "<group>"; };
		C0E5DADF23DE00B8007B5210 /* Info.plist */ = {isa = PBXFileReference; lastKnownFileType = text.plist.xml; path = Info.plist; sourceTree = "<group>"; };
		C0E5DAEC23DE0677007B5210 /* Weather.swift */ = {isa = PBXFileReference; lastKnownFileType = sourcecode.swift; path = Weather.swift; sourceTree = "<group>"; };
		C0E5DAEF23DE0725007B5210 /* WeatherService.swift */ = {isa = PBXFileReference; lastKnownFileType = sourcecode.swift; path = WeatherService.swift; sourceTree = "<group>"; };
		C0E5DAF223DE1111007B5210 /* WeatherViewModel.swift */ = {isa = PBXFileReference; lastKnownFileType = sourcecode.swift; path = WeatherViewModel.swift; sourceTree = "<group>"; };
/* End PBXFileReference section */

/* Begin PBXFrameworksBuildPhase section */
		C0E5DAB523DE00B7007B5210 /* Frameworks */ = {
			isa = PBXFrameworksBuildPhase;
			buildActionMask = 2147483647;
			files = (
			);
			runOnlyForDeploymentPostprocessing = 0;
		};
		C0E5DACB23DE00B8007B5210 /* Frameworks */ = {
			isa = PBXFrameworksBuildPhase;
			buildActionMask = 2147483647;
			files = (
			);
			runOnlyForDeploymentPostprocessing = 0;
		};
		C0E5DAD623DE00B8007B5210 /* Frameworks */ = {
			isa = PBXFrameworksBuildPhase;
			buildActionMask = 2147483647;
			files = (
			);
			runOnlyForDeploymentPostprocessing = 0;
		};
/* End PBXFrameworksBuildPhase section */

/* Begin PBXGroup section */
		C0E5DAAF23DE00B7007B5210 = {
			isa = PBXGroup;
			children = (
				C0E5DABA23DE00B7007B5210 /* Neat_Weather */,
				C0E5DAD123DE00B8007B5210 /* Neat_WeatherTests */,
				C0E5DADC23DE00B8007B5210 /* Neat_WeatherUITests */,
				C0E5DAB923DE00B7007B5210 /* Products */,
			);
			sourceTree = "<group>";
		};
		C0E5DAB923DE00B7007B5210 /* Products */ = {
			isa = PBXGroup;
			children = (
				C0E5DAB823DE00B7007B5210 /* Neat_Weather.app */,
				C0E5DACE23DE00B8007B5210 /* Neat_WeatherTests.xctest */,
				C0E5DAD923DE00B8007B5210 /* Neat_WeatherUITests.xctest */,
			);
			name = Products;
			sourceTree = "<group>";
		};
		C0E5DABA23DE00B7007B5210 /* Neat_Weather */ = {
			isa = PBXGroup;
			children = (
				C0E5DAF123DE10FE007B5210 /* View Models */,
				C0E5DAEE23DE0710007B5210 /* Services */,
				C0E5DAEB23DE0625007B5210 /* Models */,
				C0E5DABB23DE00B7007B5210 /* AppDelegate.swift */,
				C0E5DABD23DE00B7007B5210 /* SceneDelegate.swift */,
				C0E5DABF23DE00B7007B5210 /* ContentView.swift */,
				C0E5DAC123DE00B8007B5210 /* Assets.xcassets */,
				C0E5DAC623DE00B8007B5210 /* LaunchScreen.storyboard */,
				C0E5DAC923DE00B8007B5210 /* Info.plist */,
				C0E5DAC323DE00B8007B5210 /* Preview Content */,
			);
			path = Neat_Weather;
			sourceTree = "<group>";
		};
		C0E5DAC323DE00B8007B5210 /* Preview Content */ = {
			isa = PBXGroup;
			children = (
				C0E5DAC423DE00B8007B5210 /* Preview Assets.xcassets */,
			);
			path = "Preview Content";
			sourceTree = "<group>";
		};
		C0E5DAD123DE00B8007B5210 /* Neat_WeatherTests */ = {
			isa = PBXGroup;
			children = (
				C0E5DAD223DE00B8007B5210 /* Neat_WeatherTests.swift */,
				C0E5DAD423DE00B8007B5210 /* Info.plist */,
			);
			path = Neat_WeatherTests;
			sourceTree = "<group>";
		};
		C0E5DADC23DE00B8007B5210 /* Neat_WeatherUITests */ = {
			isa = PBXGroup;
			children = (
				C0E5DADD23DE00B8007B5210 /* Neat_WeatherUITests.swift */,
				C0E5DADF23DE00B8007B5210 /* Info.plist */,
			);
			path = Neat_WeatherUITests;
			sourceTree = "<group>";
		};
		C0E5DAEB23DE0625007B5210 /* Models */ = {
			isa = PBXGroup;
			children = (
				C0E5DAEC23DE0677007B5210 /* Weather.swift */,
			);
			path = Models;
			sourceTree = "<group>";
		};
		C0E5DAEE23DE0710007B5210 /* Services */ = {
			isa = PBXGroup;
			children = (
				C0E5DAEF23DE0725007B5210 /* WeatherService.swift */,
			);
			path = Services;
			sourceTree = "<group>";
		};
		C0E5DAF123DE10FE007B5210 /* View Models */ = {
			isa = PBXGroup;
			children = (
				C0E5DAF223DE1111007B5210 /* WeatherViewModel.swift */,
			);
			path = "View Models";
			sourceTree = "<group>";
		};
/* End PBXGroup section */

/* Begin PBXNativeTarget section */
		C0E5DAB723DE00B7007B5210 /* Neat_Weather */ = {
			isa = PBXNativeTarget;
			buildConfigurationList = C0E5DAE223DE00B8007B5210 /* Build configuration list for PBXNativeTarget "Neat_Weather" */;
			buildPhases = (
				C0E5DAB423DE00B7007B5210 /* Sources */,
				C0E5DAB523DE00B7007B5210 /* Frameworks */,
				C0E5DAB623DE00B7007B5210 /* Resources */,
			);
			buildRules = (
			);
			dependencies = (
			);
			name = Neat_Weather;
			productName = Neat_Weather;
			productReference = C0E5DAB823DE00B7007B5210 /* Neat_Weather.app */;
			productType = "com.apple.product-type.application";
		};
		C0E5DACD23DE00B8007B5210 /* Neat_WeatherTests */ = {
			isa = PBXNativeTarget;
			buildConfigurationList = C0E5DAE523DE00B8007B5210 /* Build configuration list for PBXNativeTarget "Neat_WeatherTests" */;
			buildPhases = (
				C0E5DACA23DE00B8007B5210 /* Sources */,
				C0E5DACB23DE00B8007B5210 /* Frameworks */,
				C0E5DACC23DE00B8007B5210 /* Resources */,
			);
			buildRules = (
			);
			dependencies = (
				C0E5DAD023DE00B8007B5210 /* PBXTargetDependency */,
			);
			name = Neat_WeatherTests;
			productName = Neat_WeatherTests;
			productReference = C0E5DACE23DE00B8007B5210 /* Neat_WeatherTests.xctest */;
			productType = "com.apple.product-type.bundle.unit-test";
		};
		C0E5DAD823DE00B8007B5210 /* Neat_WeatherUITests */ = {
			isa = PBXNativeTarget;
			buildConfigurationList = C0E5DAE823DE00B8007B5210 /* Build configuration list for PBXNativeTarget "Neat_WeatherUITests" */;
			buildPhases = (
				C0E5DAD523DE00B8007B5210 /* Sources */,
				C0E5DAD623DE00B8007B5210 /* Frameworks */,
				C0E5DAD723DE00B8007B5210 /* Resources */,
			);
			buildRules = (
			);
			dependencies = (
				C0E5DADB23DE00B8007B5210 /* PBXTargetDependency */,
			);
			name = Neat_WeatherUITests;
			productName = Neat_WeatherUITests;
			productReference = C0E5DAD923DE00B8007B5210 /* Neat_WeatherUITests.xctest */;
			productType = "com.apple.product-type.bundle.ui-testing";
		};
/* End PBXNativeTarget section */

/* Begin PBXProject section */
		C0E5DAB023DE00B7007B5210 /* Project object */ = {
			isa = PBXProject;
			attributes = {
				LastSwiftUpdateCheck = 1130;
				LastUpgradeCheck = 1130;
				ORGANIZATIONNAME = "David Koenig";
				TargetAttributes = {
					C0E5DAB723DE00B7007B5210 = {
						CreatedOnToolsVersion = 11.3.1;
					};
					C0E5DACD23DE00B8007B5210 = {
						CreatedOnToolsVersion = 11.3.1;
						TestTargetID = C0E5DAB723DE00B7007B5210;
					};
					C0E5DAD823DE00B8007B5210 = {
						CreatedOnToolsVersion = 11.3.1;
						TestTargetID = C0E5DAB723DE00B7007B5210;
					};
				};
			};
			buildConfigurationList = C0E5DAB323DE00B7007B5210 /* Build configuration list for PBXProject "Neat_Weather" */;
			compatibilityVersion = "Xcode 9.3";
			developmentRegion = en;
			hasScannedForEncodings = 0;
			knownRegions = (
				en,
				Base,
			);
			mainGroup = C0E5DAAF23DE00B7007B5210;
			productRefGroup = C0E5DAB923DE00B7007B5210 /* Products */;
			projectDirPath = "";
			projectRoot = "";
			targets = (
				C0E5DAB723DE00B7007B5210 /* Neat_Weather */,
				C0E5DACD23DE00B8007B5210 /* Neat_WeatherTests */,
				C0E5DAD823DE00B8007B5210 /* Neat_WeatherUITests */,
			);
		};
/* End PBXProject section */

/* Begin PBXResourcesBuildPhase section */
		C0E5DAB623DE00B7007B5210 /* Resources */ = {
			isa = PBXResourcesBuildPhase;
			buildActionMask = 2147483647;
			files = (
				C0E5DAC823DE00B8007B5210 /* LaunchScreen.storyboard in Resources */,
				C0E5DAC523DE00B8007B5210 /* Preview Assets.xcassets in Resources */,
				C0E5DAC223DE00B8007B5210 /* Assets.xcassets in Resources */,
			);
			runOnlyForDeploymentPostprocessing = 0;
		};
		C0E5DACC23DE00B8007B5210 /* Resources */ = {
			isa = PBXResourcesBuildPhase;
			buildActionMask = 2147483647;
			files = (
			);
			runOnlyForDeploymentPostprocessing = 0;
		};
		C0E5DAD723DE00B8007B5210 /* Resources */ = {
			isa = PBXResourcesBuildPhase;
			buildActionMask = 2147483647;
			files = (
			);
			runOnlyForDeploymentPostprocessing = 0;
		};
/* End PBXResourcesBuildPhase section */

/* Begin PBXSourcesBuildPhase section */
		C0E5DAB423DE00B7007B5210 /* Sources */ = {
			isa = PBXSourcesBuildPhase;
			buildActionMask = 2147483647;
			files = (
				C0E5DAF023DE0725007B5210 /* WeatherService.swift in Sources */,
				C0E5DAF323DE1111007B5210 /* WeatherViewModel.swift in Sources */,
				C0E5DAED23DE0677007B5210 /* Weather.swift in Sources */,
				C0E5DABC23DE00B7007B5210 /* AppDelegate.swift in Sources */,
				C0E5DABE23DE00B7007B5210 /* SceneDelegate.swift in Sources */,
				C0E5DAC023DE00B7007B5210 /* ContentView.swift in Sources */,
			);
			runOnlyForDeploymentPostprocessing = 0;
		};
		C0E5DACA23DE00B8007B5210 /* Sources */ = {
			isa = PBXSourcesBuildPhase;
			buildActionMask = 2147483647;
			files = (
				C0E5DAD323DE00B8007B5210 /* Neat_WeatherTests.swift in Sources */,
			);
			runOnlyForDeploymentPostprocessing = 0;
		};
		C0E5DAD523DE00B8007B5210 /* Sources */ = {
			isa = PBXSourcesBuildPhase;
			buildActionMask = 2147483647;
			files = (
				C0E5DADE23DE00B8007B5210 /* Neat_WeatherUITests.swift in Sources */,
			);
			runOnlyForDeploymentPostprocessing = 0;
		};
/* End PBXSourcesBuildPhase section */

/* Begin PBXTargetDependency section */
		C0E5DAD023DE00B8007B5210 /* PBXTargetDependency */ = {
			isa = PBXTargetDependency;
			target = C0E5DAB723DE00B7007B5210 /* Neat_Weather */;
			targetProxy = C0E5DACF23DE00B8007B5210 /* PBXContainerItemProxy */;
		};
		C0E5DADB23DE00B8007B5210 /* PBXTargetDependency */ = {
			isa = PBXTargetDependency;
			target = C0E5DAB723DE00B7007B5210 /* Neat_Weather */;
			targetProxy = C0E5DADA23DE00B8007B5210 /* PBXContainerItemProxy */;
		};
/* End PBXTargetDependency section */

/* Begin PBXVariantGroup section */
		C0E5DAC623DE00B8007B5210 /* LaunchScreen.storyboard */ = {
			isa = PBXVariantGroup;
			children = (
				C0E5DAC723DE00B8007B5210 /* Base */,
			);
			name = LaunchScreen.storyboard;
			sourceTree = "<group>";
		};
/* End PBXVariantGroup section */

/* Begin XCBuildConfiguration section */
		C0E5DAE023DE00B8007B5210 /* Debug */ = {
			isa = XCBuildConfiguration;
			buildSettings = {
				ALWAYS_SEARCH_USER_PATHS = NO;
				CLANG_ANALYZER_NONNULL = YES;
				CLANG_ANALYZER_NUMBER_OBJECT_CONVERSION = YES_AGGRESSIVE;
				CLANG_CXX_LANGUAGE_STANDARD = "gnu++14";
				CLANG_CXX_LIBRARY = "libc++";
				CLANG_ENABLE_MODULES = YES;
				CLANG_ENABLE_OBJC_ARC = YES;
				CLANG_ENABLE_OBJC_WEAK = YES;
				CLANG_WARN_BLOCK_CAPTURE_AUTORELEASING = YES;
				CLANG_WARN_BOOL_CONVERSION = YES;
				CLANG_WARN_COMMA = YES;
				CLANG_WARN_CONSTANT_CONVERSION = YES;
				CLANG_WARN_DEPRECATED_OBJC_IMPLEMENTATIONS = YES;
				CLANG_WARN_DIRECT_OBJC_ISA_USAGE = YES_ERROR;
				CLANG_WARN_DOCUMENTATION_COMMENTS = YES;
				CLANG_WARN_EMPTY_BODY = YES;
				CLANG_WARN_ENUM_CONVERSION = YES;
				CLANG_WARN_INFINITE_RECURSION = YES;
				CLANG_WARN_INT_CONVERSION = YES;
				CLANG_WARN_NON_LITERAL_NULL_CONVERSION = YES;
				CLANG_WARN_OBJC_IMPLICIT_RETAIN_SELF = YES;
				CLANG_WARN_OBJC_LITERAL_CONVERSION = YES;
				CLANG_WARN_OBJC_ROOT_CLASS = YES_ERROR;
				CLANG_WARN_RANGE_LOOP_ANALYSIS = YES;
				CLANG_WARN_STRICT_PROTOTYPES = YES;
				CLANG_WARN_SUSPICIOUS_MOVE = YES;
				CLANG_WARN_UNGUARDED_AVAILABILITY = YES_AGGRESSIVE;
				CLANG_WARN_UNREACHABLE_CODE = YES;
				CLANG_WARN__DUPLICATE_METHOD_MATCH = YES;
				COPY_PHASE_STRIP = NO;
				DEBUG_INFORMATION_FORMAT = dwarf;
				ENABLE_STRICT_OBJC_MSGSEND = YES;
				ENABLE_TESTABILITY = YES;
				GCC_C_LANGUAGE_STANDARD = gnu11;
				GCC_DYNAMIC_NO_PIC = NO;
				GCC_NO_COMMON_BLOCKS = YES;
				GCC_OPTIMIZATION_LEVEL = 0;
				GCC_PREPROCESSOR_DEFINITIONS = (
					"DEBUG=1",
					"$(inherited)",
				);
				GCC_WARN_64_TO_32_BIT_CONVERSION = YES;
				GCC_WARN_ABOUT_RETURN_TYPE = YES_ERROR;
				GCC_WARN_UNDECLARED_SELECTOR = YES;
				GCC_WARN_UNINITIALIZED_AUTOS = YES_AGGRESSIVE;
				GCC_WARN_UNUSED_FUNCTION = YES;
				GCC_WARN_UNUSED_VARIABLE = YES;
				IPHONEOS_DEPLOYMENT_TARGET = 13.2;
				MTL_ENABLE_DEBUG_INFO = INCLUDE_SOURCE;
				MTL_FAST_MATH = YES;
				ONLY_ACTIVE_ARCH = YES;
				SDKROOT = iphoneos;
				SWIFT_ACTIVE_COMPILATION_CONDITIONS = DEBUG;
				SWIFT_OPTIMIZATION_LEVEL = "-Onone";
			};
			name = Debug;
		};
		C0E5DAE123DE00B8007B5210 /* Release */ = {
			isa = XCBuildConfiguration;
			buildSettings = {
				ALWAYS_SEARCH_USER_PATHS = NO;
				CLANG_ANALYZER_NONNULL = YES;
				CLANG_ANALYZER_NUMBER_OBJECT_CONVERSION = YES_AGGRESSIVE;
				CLANG_CXX_LANGUAGE_STANDARD = "gnu++14";
				CLANG_CXX_LIBRARY = "libc++";
				CLANG_ENABLE_MODULES = YES;
				CLANG_ENABLE_OBJC_ARC = YES;
				CLANG_ENABLE_OBJC_WEAK = YES;
				CLANG_WARN_BLOCK_CAPTURE_AUTORELEASING = YES;
				CLANG_WARN_BOOL_CONVERSION = YES;
				CLANG_WARN_COMMA = YES;
				CLANG_WARN_CONSTANT_CONVERSION = YES;
				CLANG_WARN_DEPRECATED_OBJC_IMPLEMENTATIONS = YES;
				CLANG_WARN_DIRECT_OBJC_ISA_USAGE = YES_ERROR;
				CLANG_WARN_DOCUMENTATION_COMMENTS = YES;
				CLANG_WARN_EMPTY_BODY = YES;
				CLANG_WARN_ENUM_CONVERSION = YES;
				CLANG_WARN_INFINITE_RECURSION = YES;
				CLANG_WARN_INT_CONVERSION = YES;
				CLANG_WARN_NON_LITERAL_NULL_CONVERSION = YES;
				CLANG_WARN_OBJC_IMPLICIT_RETAIN_SELF = YES;
				CLANG_WARN_OBJC_LITERAL_CONVERSION = YES;
				CLANG_WARN_OBJC_ROOT_CLASS = YES_ERROR;
				CLANG_WARN_RANGE_LOOP_ANALYSIS = YES;
				CLANG_WARN_STRICT_PROTOTYPES = YES;
				CLANG_WARN_SUSPICIOUS_MOVE = YES;
				CLANG_WARN_UNGUARDED_AVAILABILITY = YES_AGGRESSIVE;
				CLANG_WARN_UNREACHABLE_CODE = YES;
				CLANG_WARN__DUPLICATE_METHOD_MATCH = YES;
				COPY_PHASE_STRIP = NO;
				DEBUG_INFORMATION_FORMAT = "dwarf-with-dsym";
				ENABLE_NS_ASSERTIONS = NO;
				ENABLE_STRICT_OBJC_MSGSEND = YES;
				GCC_C_LANGUAGE_STANDARD = gnu11;
				GCC_NO_COMMON_BLOCKS = YES;
				GCC_WARN_64_TO_32_BIT_CONVERSION = YES;
				GCC_WARN_ABOUT_RETURN_TYPE = YES_ERROR;
				GCC_WARN_UNDECLARED_SELECTOR = YES;
				GCC_WARN_UNINITIALIZED_AUTOS = YES_AGGRESSIVE;
				GCC_WARN_UNUSED_FUNCTION = YES;
				GCC_WARN_UNUSED_VARIABLE = YES;
				IPHONEOS_DEPLOYMENT_TARGET = 13.2;
				MTL_ENABLE_DEBUG_INFO = NO;
				MTL_FAST_MATH = YES;
				SDKROOT = iphoneos;
				SWIFT_COMPILATION_MODE = wholemodule;
				SWIFT_OPTIMIZATION_LEVEL = "-O";
				VALIDATE_PRODUCT = YES;
			};
			name = Release;
		};
		C0E5DAE323DE00B8007B5210 /* Debug */ = {
			isa = XCBuildConfiguration;
			buildSettings = {
				ASSETCATALOG_COMPILER_APPICON_NAME = AppIcon;
				CODE_SIGN_STYLE = Automatic;
				DEVELOPMENT_ASSET_PATHS = "\"Neat_Weather/Preview Content\"";
				DEVELOPMENT_TEAM = 3T648JSBAC;
				ENABLE_PREVIEWS = YES;
				INFOPLIST_FILE = Neat_Weather/Info.plist;
				LD_RUNPATH_SEARCH_PATHS = (
					"$(inherited)",
					"@executable_path/Frameworks",
				);
				PRODUCT_BUNDLE_IDENTIFIER = "de.davidkoenig.Neat-Weather";
				PRODUCT_NAME = "$(TARGET_NAME)";
				SWIFT_VERSION = 5.0;
				TARGETED_DEVICE_FAMILY = "1,2";
			};
			name = Debug;
		};
		C0E5DAE423DE00B8007B5210 /* Release */ = {
			isa = XCBuildConfiguration;
			buildSettings = {
				ASSETCATALOG_COMPILER_APPICON_NAME = AppIcon;
				CODE_SIGN_STYLE = Automatic;
				DEVELOPMENT_ASSET_PATHS = "\"Neat_Weather/Preview Content\"";
				DEVELOPMENT_TEAM = 3T648JSBAC;
				ENABLE_PREVIEWS = YES;
				INFOPLIST_FILE = Neat_Weather/Info.plist;
				LD_RUNPATH_SEARCH_PATHS = (
					"$(inherited)",
					"@executable_path/Frameworks",
				);
				PRODUCT_BUNDLE_IDENTIFIER = "de.davidkoenig.Neat-Weather";
				PRODUCT_NAME = "$(TARGET_NAME)";
				SWIFT_VERSION = 5.0;
				TARGETED_DEVICE_FAMILY = "1,2";
			};
			name = Release;
		};
		C0E5DAE623DE00B8007B5210 /* Debug */ = {
			isa = XCBuildConfiguration;
			buildSettings = {
				ALWAYS_EMBED_SWIFT_STANDARD_LIBRARIES = YES;
				BUNDLE_LOADER = "$(TEST_HOST)";
				CODE_SIGN_STYLE = Automatic;
				DEVELOPMENT_TEAM = 3T648JSBAC;
				INFOPLIST_FILE = Neat_WeatherTests/Info.plist;
				IPHONEOS_DEPLOYMENT_TARGET = 13.2;
				LD_RUNPATH_SEARCH_PATHS = (
					"$(inherited)",
					"@executable_path/Frameworks",
					"@loader_path/Frameworks",
				);
				PRODUCT_BUNDLE_IDENTIFIER = "de.davidkoenig.Neat-WeatherTests";
				PRODUCT_NAME = "$(TARGET_NAME)";
				SWIFT_VERSION = 5.0;
				TARGETED_DEVICE_FAMILY = "1,2";
				TEST_HOST = "$(BUILT_PRODUCTS_DIR)/Neat_Weather.app/Neat_Weather";
			};
			name = Debug;
		};
		C0E5DAE723DE00B8007B5210 /* Release */ = {
			isa = XCBuildConfiguration;
			buildSettings = {
				ALWAYS_EMBED_SWIFT_STANDARD_LIBRARIES = YES;
				BUNDLE_LOADER = "$(TEST_HOST)";
				CODE_SIGN_STYLE = Automatic;
				DEVELOPMENT_TEAM = 3T648JSBAC;
				INFOPLIST_FILE = Neat_WeatherTests/Info.plist;
				IPHONEOS_DEPLOYMENT_TARGET = 13.2;
				LD_RUNPATH_SEARCH_PATHS = (
					"$(inherited)",
					"@executable_path/Frameworks",
					"@loader_path/Frameworks",
				);
				PRODUCT_BUNDLE_IDENTIFIER = "de.davidkoenig.Neat-WeatherTests";
				PRODUCT_NAME = "$(TARGET_NAME)";
				SWIFT_VERSION = 5.0;
				TARGETED_DEVICE_FAMILY = "1,2";
				TEST_HOST = "$(BUILT_PRODUCTS_DIR)/Neat_Weather.app/Neat_Weather";
			};
			name = Release;
		};
		C0E5DAE923DE00B8007B5210 /* Debug */ = {
			isa = XCBuildConfiguration;
			buildSettings = {
				ALWAYS_EMBED_SWIFT_STANDARD_LIBRARIES = YES;
				CODE_SIGN_STYLE = Automatic;
				DEVELOPMENT_TEAM = 3T648JSBAC;
				INFOPLIST_FILE = Neat_WeatherUITests/Info.plist;
				LD_RUNPATH_SEARCH_PATHS = (
					"$(inherited)",
					"@executable_path/Frameworks",
					"@loader_path/Frameworks",
				);
				PRODUCT_BUNDLE_IDENTIFIER = "de.davidkoenig.Neat-WeatherUITests";
				PRODUCT_NAME = "$(TARGET_NAME)";
				SWIFT_VERSION = 5.0;
				TARGETED_DEVICE_FAMILY = "1,2";
				TEST_TARGET_NAME = Neat_Weather;
			};
			name = Debug;
		};
		C0E5DAEA23DE00B8007B5210 /* Release */ = {
			isa = XCBuildConfiguration;
			buildSettings = {
				ALWAYS_EMBED_SWIFT_STANDARD_LIBRARIES = YES;
				CODE_SIGN_STYLE = Automatic;
				DEVELOPMENT_TEAM = 3T648JSBAC;
				INFOPLIST_FILE = Neat_WeatherUITests/Info.plist;
				LD_RUNPATH_SEARCH_PATHS = (
					"$(inherited)",
					"@executable_path/Frameworks",
					"@loader_path/Frameworks",
				);
				PRODUCT_BUNDLE_IDENTIFIER = "de.davidkoenig.Neat-WeatherUITests";
				PRODUCT_NAME = "$(TARGET_NAME)";
				SWIFT_VERSION = 5.0;
				TARGETED_DEVICE_FAMILY = "1,2";
				TEST_TARGET_NAME = Neat_Weather;
			};
			name = Release;
		};
/* End XCBuildConfiguration section */

/* Begin XCConfigurationList section */
		C0E5DAB323DE00B7007B5210 /* Build configuration list for PBXProject "Neat_Weather" */ = {
			isa = XCConfigurationList;
			buildConfigurations = (
				C0E5DAE023DE00B8007B5210 /* Debug */,
				C0E5DAE123DE00B8007B5210 /* Release */,
			);
			defaultConfigurationIsVisible = 0;
			defaultConfigurationName = Release;
		};
		C0E5DAE223DE00B8007B5210 /* Build configuration list for PBXNativeTarget "Neat_Weather" */ = {
			isa = XCConfigurationList;
			buildConfigurations = (
				C0E5DAE323DE00B8007B5210 /* Debug */,
				C0E5DAE423DE00B8007B5210 /* Release */,
			);
			defaultConfigurationIsVisible = 0;
			defaultConfigurationName = Release;
		};
		C0E5DAE523DE00B8007B5210 /* Build configuration list for PBXNativeTarget "Neat_WeatherTests" */ = {
			isa = XCConfigurationList;
			buildConfigurations = (
				C0E5DAE623DE00B8007B5210 /* Debug */,
				C0E5DAE723DE00B8007B5210 /* Release */,
			);
			defaultConfigurationIsVisible = 0;
			defaultConfigurationName = Release;
		};
		C0E5DAE823DE00B8007B5210 /* Build configuration list for PBXNativeTarget "Neat_WeatherUITests" */ = {
			isa = XCConfigurationList;
			buildConfigurations = (
				C0E5DAE923DE00B8007B5210 /* Debug */,
				C0E5DAEA23DE00B8007B5210 /* Release */,
			);
			defaultConfigurationIsVisible = 0;
			defaultConfigurationName = Release;
		};
/* End XCConfigurationList section */
	};
	rootObject = C0E5DAB023DE00B7007B5210 /* Project object */;
}
